
Microsoft Visual Studio Solution File, Format Version 12.00
# Visual Studio Version 17
VisualStudioVersion = 17.5.33530.505
MinimumVisualStudioVersion = 10.0.40219.1
Project("{FAE04EC0-301F-11D3-BF4B-00C04F79EFBC}") = "Menu", "Menu\Menu.csproj", "{4B0F5896-AC37-4923-99B3-ACCCC6279E3A}"
EndProject
Global
	GlobalSection(SolutionConfigurationPlatforms) = preSolution
		Debug|Any CPU = Debug|Any CPU
		Release|Any CPU = Release|Any CPU
	EndGlobalSection
	GlobalSection(ProjectConfigurationPlatforms) = postSolution
		{4B0F5896-AC37-4923-99B3-ACCCC6279E3A}.Debug|Any CPU.ActiveCfg = Debug|Any CPU
		{4B0F5896-AC37-4923-99B3-ACCCC6279E3A}.Debug|Any CPU.Build.0 = Debug|Any CPU
		{4B0F5896-AC37-4923-99B3-ACCCC6279E3A}.Release|Any CPU.ActiveCfg = Release|Any CPU
		{4B0F5896-AC37-4923-99B3-ACCCC6279E3A}.Release|Any CPU.Build.0 = Release|Any CPU
	EndGlobalSection
	GlobalSection(SolutionProperties) = preSolution
		HideSolutionNode = FALSE
	EndGlobalSection
	GlobalSection(ExtensibilityGlobals) = postSolution
		SolutionGuid = {5A785FA5-2D5B-40C1-9682-E98A95DDF521}
	EndGlobalSection
EndGlobal
